{
  "requires": true,
  "lockfileVersion": 1,
  "dependencies": {
    "kpromise": {
      "version": "1.0.4",
      "resolved": "https://registry.npmjs.org/kpromise/-/kpromise-1.0.4.tgz",
      "integrity": "sha512-EEx/Kifetdc1Dv8BcdEVJMeMbfA/NnlCs5n+Eqp6oin2hPanwgz2SytkxofL9NILBLmoyC7xJXsO4Lekrz6WPg=="
    }
  }
}
